
Microsoft Visual Studio Solution File, Format Version 12.00
# Visual Studio Version 17
VisualStudioVersion = 17.13.35931.197
MinimumVisualStudioVersion = 10.0.40219.1
Project("{2150E333-8FDC-42A3-9474-1A3956D46DE8}") = "Core", "Core", "{36D591C7-65C7-A0D1-1CBC-10CDE441BDC8}"
EndProject
Project("{2150E333-8FDC-42A3-9474-1A3956D46DE8}") = "Infractructure", "Infractructure", "{256828B8-4766-413D-A73B-1EEE358C2EB2}"
EndProject
Project("{2150E333-8FDC-42A3-9474-1A3956D46DE8}") = "Presentation", "Presentation", "{3C842478-E07B-4538-8D45-9854CEAB4225}"
EndProject
Project("{FAE04EC0-301F-11D3-BF4B-00C04F79EFBC}") = "REEP.Application", "REEP.Application\REEP.Application.csproj", "{84117ED9-03E6-43BF-A34F-B55FAB5A637F}"
EndProject
Project("{FAE04EC0-301F-11D3-BF4B-00C04F79EFBC}") = "REEP.Domain", "REEP.Domain\REEP.Domain.csproj", "{701349D5-37C0-47A9-B626-CB80CE04BCE7}"
EndProject
Project("{FAE04EC0-301F-11D3-BF4B-00C04F79EFBC}") = "REEP.Persistence", "REEP.Persistence\REEP.Persistence.csproj", "{D348CE87-D864-4F9C-B70C-4520D1459E03}"
EndProject
Project("{FAE04EC0-301F-11D3-BF4B-00C04F79EFBC}") = "REEP.WebApi", "REEP.WebApi\REEP.WebApi.csproj", "{51D8DAED-5EB5-4B18-BDE4-E391F0014FF9}"
EndProject
Project("{FAE04EC0-301F-11D3-BF4B-00C04F79EFBC}") = "REEP.WPF-Client", "REEP.WPF-Client\REEP.WPF-Client.csproj", "{D18EDE50-373A-4787-8491-DA5B0139DD46}"
EndProject
Project("{2150E333-8FDC-42A3-9474-1A3956D46DE8}") = "WPF", "WPF", "{7D0D0609-116B-460A-9054-C00BCEED8A48}"
EndProject
Project("{2150E333-8FDC-42A3-9474-1A3956D46DE8}") = "MEUI", "MEUI", "{B432376D-242B-4270-99B6-452655B15313}"
EndProject
Project("{2150E333-8FDC-42A3-9474-1A3956D46DE8}") = "Clients", "Clients", "{E283C6EE-0EB2-4115-A0DD-9FE68DFECA61}"
EndProject
Project("{FAE04EC0-301F-11D3-BF4B-00C04F79EFBC}") = "REEP.MAUI-Client", "REEP.MAUI-Client\REEP.MAUI-Client.csproj", "{B3F1757A-FAC4-4417-9BBA-59B9C1380343}"
EndProject
Project("{2150E333-8FDC-42A3-9474-1A3956D46DE8}") = "Tests", "Tests", "{2C4A581D-3EF5-44B5-B16B-E4DBFF9B059D}"
EndProject
Global
	GlobalSection(SolutionConfigurationPlatforms) = preSolution
		Debug|Any CPU = Debug|Any CPU
		Release|Any CPU = Release|Any CPU
	EndGlobalSection
	GlobalSection(ProjectConfigurationPlatforms) = postSolution
		{84117ED9-03E6-43BF-A34F-B55FAB5A637F}.Debug|Any CPU.ActiveCfg = Debug|Any CPU
		{84117ED9-03E6-43BF-A34F-B55FAB5A637F}.Debug|Any CPU.Build.0 = Debug|Any CPU
		{84117ED9-03E6-43BF-A34F-B55FAB5A637F}.Release|Any CPU.ActiveCfg = Release|Any CPU
		{84117ED9-03E6-43BF-A34F-B55FAB5A637F}.Release|Any CPU.Build.0 = Release|Any CPU
		{701349D5-37C0-47A9-B626-CB80CE04BCE7}.Debug|Any CPU.ActiveCfg = Debug|Any CPU
		{701349D5-37C0-47A9-B626-CB80CE04BCE7}.Debug|Any CPU.Build.0 = Debug|Any CPU
		{701349D5-37C0-47A9-B626-CB80CE04BCE7}.Release|Any CPU.ActiveCfg = Release|Any CPU
		{701349D5-37C0-47A9-B626-CB80CE04BCE7}.Release|Any CPU.Build.0 = Release|Any CPU
		{D348CE87-D864-4F9C-B70C-4520D1459E03}.Debug|Any CPU.ActiveCfg = Debug|Any CPU
		{D348CE87-D864-4F9C-B70C-4520D1459E03}.Debug|Any CPU.Build.0 = Debug|Any CPU
		{D348CE87-D864-4F9C-B70C-4520D1459E03}.Release|Any CPU.ActiveCfg = Release|Any CPU
		{D348CE87-D864-4F9C-B70C-4520D1459E03}.Release|Any CPU.Build.0 = Release|Any CPU
		{51D8DAED-5EB5-4B18-BDE4-E391F0014FF9}.Debug|Any CPU.ActiveCfg = Debug|Any CPU
		{51D8DAED-5EB5-4B18-BDE4-E391F0014FF9}.Debug|Any CPU.Build.0 = Debug|Any CPU
		{51D8DAED-5EB5-4B18-BDE4-E391F0014FF9}.Release|Any CPU.ActiveCfg = Release|Any CPU
		{51D8DAED-5EB5-4B18-BDE4-E391F0014FF9}.Release|Any CPU.Build.0 = Release|Any CPU
		{D18EDE50-373A-4787-8491-DA5B0139DD46}.Debug|Any CPU.ActiveCfg = Debug|Any CPU
		{D18EDE50-373A-4787-8491-DA5B0139DD46}.Debug|Any CPU.Build.0 = Debug|Any CPU
		{D18EDE50-373A-4787-8491-DA5B0139DD46}.Release|Any CPU.ActiveCfg = Release|Any CPU
		{D18EDE50-373A-4787-8491-DA5B0139DD46}.Release|Any CPU.Build.0 = Release|Any CPU
		{B3F1757A-FAC4-4417-9BBA-59B9C1380343}.Debug|Any CPU.ActiveCfg = Debug|Any CPU
		{B3F1757A-FAC4-4417-9BBA-59B9C1380343}.Debug|Any CPU.Build.0 = Debug|Any CPU
		{B3F1757A-FAC4-4417-9BBA-59B9C1380343}.Release|Any CPU.ActiveCfg = Release|Any CPU
		{B3F1757A-FAC4-4417-9BBA-59B9C1380343}.Release|Any CPU.Build.0 = Release|Any CPU
	EndGlobalSection
	GlobalSection(SolutionProperties) = preSolution
		HideSolutionNode = FALSE
	EndGlobalSection
	GlobalSection(NestedProjects) = preSolution
		{84117ED9-03E6-43BF-A34F-B55FAB5A637F} = {36D591C7-65C7-A0D1-1CBC-10CDE441BDC8}
		{701349D5-37C0-47A9-B626-CB80CE04BCE7} = {36D591C7-65C7-A0D1-1CBC-10CDE441BDC8}
		{D348CE87-D864-4F9C-B70C-4520D1459E03} = {256828B8-4766-413D-A73B-1EEE358C2EB2}
		{51D8DAED-5EB5-4B18-BDE4-E391F0014FF9} = {3C842478-E07B-4538-8D45-9854CEAB4225}
		{D18EDE50-373A-4787-8491-DA5B0139DD46} = {7D0D0609-116B-460A-9054-C00BCEED8A48}
		{7D0D0609-116B-460A-9054-C00BCEED8A48} = {E283C6EE-0EB2-4115-A0DD-9FE68DFECA61}
		{B432376D-242B-4270-99B6-452655B15313} = {E283C6EE-0EB2-4115-A0DD-9FE68DFECA61}
		{B3F1757A-FAC4-4417-9BBA-59B9C1380343} = {B432376D-242B-4270-99B6-452655B15313}
	EndGlobalSection
	GlobalSection(ExtensibilityGlobals) = postSolution
		SolutionGuid = {1E77FC65-DD34-4DAE-B087-644D58DE04CA}
	EndGlobalSection
EndGlobal
